
Microsoft Visual Studio Solution File, Format Version 12.00
# Visual Studio Version 17
VisualStudioVersion = 17.8.34330.188
MinimumVisualStudioVersion = 10.0.40219.1
Project("{8BC9CEB8-8B4A-11D0-8D11-00A0C91BC942}") = "Project1", "Project1\Project1.vcxproj", "{7D418942-CF0F-4E01-BF0A-141BE2CC8DF8}"
EndProject
Global
	GlobalSection(SolutionConfigurationPlatforms) = preSolution
		Debug|x64 = Debug|x64
		Debug|x86 = Debug|x86
		Release|x64 = Release|x64
		Release|x86 = Release|x86
	EndGlobalSection
	GlobalSection(ProjectConfigurationPlatforms) = postSolution
		{7D418942-CF0F-4E01-BF0A-141BE2CC8DF8}.Debug|x64.ActiveCfg = Debug|x64
		{7D418942-CF0F-4E01-BF0A-141BE2CC8DF8}.Debug|x64.Build.0 = Debug|x64
		{7D418942-CF0F-4E01-BF0A-141BE2CC8DF8}.Debug|x86.ActiveCfg = Debug|Win32
		{7D418942-CF0F-4E01-BF0A-141BE2CC8DF8}.Debug|x86.Build.0 = Debug|Win32
		{7D418942-CF0F-4E01-BF0A-141BE2CC8DF8}.Release|x64.ActiveCfg = Release|x64
		{7D418942-CF0F-4E01-BF0A-141BE2CC8DF8}.Release|x64.Build.0 = Release|x64
		{7D418942-CF0F-4E01-BF0A-141BE2CC8DF8}.Release|x86.ActiveCfg = Release|Win32
		{7D418942-CF0F-4E01-BF0A-141BE2CC8DF8}.Release|x86.Build.0 = Release|Win32
	EndGlobalSection
	GlobalSection(SolutionProperties) = preSolution
		HideSolutionNode = FALSE
	EndGlobalSection
	GlobalSection(ExtensibilityGlobals) = postSolution
		SolutionGuid = {40D44EEF-89FC-4A93-A406-E3FAD1F82878}
	EndGlobalSection
EndGlobal
